// !$*UTF8*$!
{
	archiveVersion = 1;
	classes = {
	};
	objectVersion = 50;
	objects = {

/* Begin PBXBuildFile section */
		56C3AE94951ECB6C4337FBB5 /* Pods_SnapKit02.framework in Frameworks */ = {isa = PBXBuildFile; fileRef = 452BFFDEF2251655AB96EDB0 /* Pods_SnapKit02.framework */; };
		7573533223DF4B7300397A2A /* AppDelegate.swift in Sources */ = {isa = PBXBuildFile; fileRef = 7573533123DF4B7300397A2A /* AppDelegate.swift */; };
		7573533423DF4B7300397A2A /* SceneDelegate.swift in Sources */ = {isa = PBXBuildFile; fileRef = 7573533323DF4B7300397A2A /* SceneDelegate.swift */; };
		7573533623DF4B7300397A2A /* ViewController.swift in Sources */ = {isa = PBXBuildFile; fileRef = 7573533523DF4B7300397A2A /* ViewController.swift */; };
		7573533923DF4B7300397A2A /* Main.storyboard in Resources */ = {isa = PBXBuildFile; fileRef = 7573533723DF4B7300397A2A /* Main.storyboard */; };
		7573533B23DF4B7500397A2A /* Assets.xcassets in Resources */ = {isa = PBXBuildFile; fileRef = 7573533A23DF4B7500397A2A /* Assets.xcassets */; };
		7573533E23DF4B7500397A2A /* LaunchScreen.storyboard in Resources */ = {isa = PBXBuildFile; fileRef = 7573533C23DF4B7500397A2A /* LaunchScreen.storyboard */; };
/* End PBXBuildFile section */

/* Begin PBXFileReference section */
		452BFFDEF2251655AB96EDB0 /* Pods_SnapKit02.framework */ = {isa = PBXFileReference; explicitFileType = wrapper.framework; includeInIndex = 0; path = Pods_SnapKit02.framework; sourceTree = BUILT_PRODUCTS_DIR; };
		7573532E23DF4B7300397A2A /* SnapKit02.app */ = {isa = PBXFileReference; explicitFileType = wrapper.application; includeInIndex = 0; path = SnapKit02.app; sourceTree = BUILT_PRODUCTS_DIR; };
		7573533123DF4B7300397A2A /* AppDelegate.swift */ = {isa = PBXFileReference; lastKnownFileType = sourcecode.swift; path = AppDelegate.swift; sourceTree = "<group>"; };
		7573533323DF4B7300397A2A /* SceneDelegate.swift */ = {isa = PBXFileReference; lastKnownFileType = sourcecode.swift; path = SceneDelegate.swift; sourceTree = "<group>"; };
		7573533523DF4B7300397A2A /* ViewController.swift */ = {isa = PBXFileReference; lastKnownFileType = sourcecode.swift; path = ViewController.swift; sourceTree = "<group>"; };
		7573533823DF4B7300397A2A /* Base */ = {isa = PBXFileReference; lastKnownFileType = file.storyboard; name = Base; path = Base.lproj/Main.storyboard; sourceTree = "<group>"; };
		7573533A23DF4B7500397A2A /* Assets.xcassets */ = {isa = PBXFileReference; lastKnownFileType = folder.assetcatalog; path = Assets.xcassets; sourceTree = "<group>"; };
		7573533D23DF4B7500397A2A /* Base */ = {isa = PBXFileReference; lastKnownFileType = file.storyboard; name = Base; path = Base.lproj/LaunchScreen.storyboard; sourceTree = "<group>"; };
		7573533F23DF4B7500397A2A /* Info.plist */ = {isa = PBXFileReference; lastKnownFileType = text.plist.xml; path = Info.plist; sourceTree = "<group>"; };
		A05247A23F8908FD0F412A36 /* Pods-SnapKit02.debug.xcconfig */ = {isa = PBXFileReference; includeInIndex = 1; lastKnownFileType = text.xcconfig; name = "Pods-SnapKit02.debug.xcconfig"; path = "Target Support Files/Pods-SnapKit02/Pods-SnapKit02.debug.xcconfig"; sourceTree = "<group>"; };
		FEA878FB254362CF334B53AC /* Pods-SnapKit02.release.xcconfig */ = {isa = PBXFileReference; includeInIndex = 1; lastKnownFileType = text.xcconfig; name = "Pods-SnapKit02.release.xcconfig"; path = "Target Support Files/Pods-SnapKit02/Pods-SnapKit02.release.xcconfig"; sourceTree = "<group>"; };
/* End PBXFileReference section */

/* Begin PBXFrameworksBuildPhase section */
		7573532B23DF4B7300397A2A /* Frameworks */ = {
			isa = PBXFrameworksBuildPhase;
			buildActionMask = 2147483647;
			files = (
				56C3AE94951ECB6C4337FBB5 /* Pods_SnapKit02.framework in Frameworks */,
			);
			runOnlyForDeploymentPostprocessing = 0;
		};
/* End PBXFrameworksBuildPhase section */

/* Begin PBXGroup section */
		13E9DDEDAF4A0538AF26D306 /* Pods */ = {
			isa = PBXGroup;
			children = (
				A05247A23F8908FD0F412A36 /* Pods-SnapKit02.debug.xcconfig */,
				FEA878FB254362CF334B53AC /* Pods-SnapKit02.release.xcconfig */,
			);
			name = Pods;
			path = Pods;
			sourceTree = "<group>";
		};
		7573532523DF4B7300397A2A = {
			isa = PBXGroup;
			children = (
				7573533023DF4B7300397A2A /* SnapKit02 */,
				7573532F23DF4B7300397A2A /* Products */,
				13E9DDEDAF4A0538AF26D306 /* Pods */,
				F953B038C3EDFE242BE0B985 /* Frameworks */,
			);
			sourceTree = "<group>";
		};
		7573532F23DF4B7300397A2A /* Products */ = {
			isa = PBXGroup;
			children = (
				7573532E23DF4B7300397A2A /* SnapKit02.app */,
			);
			name = Products;
			sourceTree = "<group>";
		};
		7573533023DF4B7300397A2A /* SnapKit02 */ = {
			isa = PBXGroup;
			children = (
				7573533123DF4B7300397A2A /* AppDelegate.swift */,
				7573533323DF4B7300397A2A /* SceneDelegate.swift */,
				7573533523DF4B7300397A2A /* ViewController.swift */,
				7573533723DF4B7300397A2A /* Main.storyboard */,
				7573533A23DF4B7500397A2A /* Assets.xcassets */,
				7573533C23DF4B7500397A2A /* LaunchScreen.storyboard */,
				7573533F23DF4B7500397A2A /* Info.plist */,
			);
			path = SnapKit02;
			sourceTree = "<group>";
		};
		F953B038C3EDFE242BE0B985 /* Frameworks */ = {
			isa = PBXGroup;
			children = (
				452BFFDEF2251655AB96EDB0 /* Pods_SnapKit02.framework */,
			);
			name = Frameworks;
			sourceTree = "<group>";
		};
/* End PBXGroup section */

/* Begin PBXNativeTarget section */
		7573532D23DF4B7300397A2A /* SnapKit02 */ = {
			isa = PBXNativeTarget;
			buildConfigurationList = 7573534223DF4B7500397A2A /* Build configuration list for PBXNativeTarget "SnapKit02" */;
			buildPhases = (
				480AE3ED999BE29B0722B6E0 /* [CP] Check Pods Manifest.lock */,
				7573532A23DF4B7300397A2A /* Sources */,
				7573532B23DF4B7300397A2A /* Frameworks */,
				7573532C23DF4B7300397A2A /* Resources */,
				7F94A61E85B7D7981CE512E6 /* [CP] Embed Pods Frameworks */,
			);
			buildRules = (
			);
			dependencies = (
			);
			name = SnapKit02;
			productName = SnapKit02;
			productReference = 7573532E23DF4B7300397A2A /* SnapKit02.app */;
			productType = "com.apple.product-type.application";
		};
/* End PBXNativeTarget section */

/* Begin PBXProject section */
		7573532623DF4B7300397A2A /* Project object */ = {
			isa = PBXProject;
			attributes = {
				LastSwiftUpdateCheck = 1130;
				LastUpgradeCheck = 1130;
				ORGANIZATIONNAME = "Catia Miranda de Souza";
				TargetAttributes = {
					7573532D23DF4B7300397A2A = {
						CreatedOnToolsVersion = 11.3.1;
					};
				};
			};
			buildConfigurationList = 7573532923DF4B7300397A2A /* Build configuration list for PBXProject "SnapKit02" */;
			compatibilityVersion = "Xcode 9.3";
			developmentRegion = en;
			hasScannedForEncodings = 0;
			knownRegions = (
				en,
				Base,
			);
			mainGroup = 7573532523DF4B7300397A2A;
			productRefGroup = 7573532F23DF4B7300397A2A /* Products */;
			projectDirPath = "";
			projectRoot = "";
			targets = (
				7573532D23DF4B7300397A2A /* SnapKit02 */,
			);
		};
/* End PBXProject section */

/* Begin PBXResourcesBuildPhase section */
		7573532C23DF4B7300397A2A /* Resources */ = {
			isa = PBXResourcesBuildPhase;
			buildActionMask = 2147483647;
			files = (
				7573533E23DF4B7500397A2A /* LaunchScreen.storyboard in Resources */,
				7573533B23DF4B7500397A2A /* Assets.xcassets in Resources */,
				7573533923DF4B7300397A2A /* Main.storyboard in Resources */,
			);
			runOnlyForDeploymentPostprocessing = 0;
		};
/* End PBXResourcesBuildPhase section */

/* Begin PBXShellScriptBuildPhase section */
		480AE3ED999BE29B0722B6E0 /* [CP] Check Pods Manifest.lock */ = {
			isa = PBXShellScriptBuildPhase;
			buildActionMask = 2147483647;
			files = (
			);
			inputFileListPaths = (
			);
			inputPaths = (
				"${PODS_PODFILE_DIR_PATH}/Podfile.lock",
				"${PODS_ROOT}/Manifest.lock",
			);
			name = "[CP] Check Pods Manifest.lock";
			outputFileListPaths = (
			);
			outputPaths = (
				"$(DERIVED_FILE_DIR)/Pods-SnapKit02-checkManifestLockResult.txt",
			);
			runOnlyForDeploymentPostprocessing = 0;
			shellPath = /bin/sh;
			shellScript = "diff \"${PODS_PODFILE_DIR_PATH}/Podfile.lock\" \"${PODS_ROOT}/Manifest.lock\" > /dev/null\nif [ $? != 0 ] ; then\n    # print error to STDERR\n    echo \"error: The sandbox is not in sync with the Podfile.lock. Run 'pod install' or update your CocoaPods installation.\" >&2\n    exit 1\nfi\n# This output is used by Xcode 'outputs' to avoid re-running this script phase.\necho \"SUCCESS\" > \"${SCRIPT_OUTPUT_FILE_0}\"\n";
			showEnvVarsInLog = 0;
		};
		7F94A61E85B7D7981CE512E6 /* [CP] Embed Pods Frameworks */ = {
			isa = PBXShellScriptBuildPhase;
			buildActionMask = 2147483647;
			files = (
			);
			inputFileListPaths = (
				"${PODS_ROOT}/Target Support Files/Pods-SnapKit02/Pods-SnapKit02-frameworks-${CONFIGURATION}-input-files.xcfilelist",
			);
			name = "[CP] Embed Pods Frameworks";
			outputFileListPaths = (
				"${PODS_ROOT}/Target Support Files/Pods-SnapKit02/Pods-SnapKit02-frameworks-${CONFIGURATION}-output-files.xcfilelist",
			);
			runOnlyForDeploymentPostprocessing = 0;
			shellPath = /bin/sh;
			shellScript = "\"${PODS_ROOT}/Target Support Files/Pods-SnapKit02/Pods-SnapKit02-frameworks.sh\"\n";
			showEnvVarsInLog = 0;
		};
/* End PBXShellScriptBuildPhase section */

/* Begin PBXSourcesBuildPhase section */
		7573532A23DF4B7300397A2A /* Sources */ = {
			isa = PBXSourcesBuildPhase;
			buildActionMask = 2147483647;
			files = (
				7573533623DF4B7300397A2A /* ViewController.swift in Sources */,
				7573533223DF4B7300397A2A /* AppDelegate.swift in Sources */,
				7573533423DF4B7300397A2A /* SceneDelegate.swift in Sources */,
			);
			runOnlyForDeploymentPostprocessing = 0;
		};
/* End PBXSourcesBuildPhase section */

/* Begin PBXVariantGroup section */
		7573533723DF4B7300397A2A /* Main.storyboard */ = {
			isa = PBXVariantGroup;
			children = (
				7573533823DF4B7300397A2A /* Base */,
			);
			name = Main.storyboard;
			sourceTree = "<group>";
		};
		7573533C23DF4B7500397A2A /* LaunchScreen.storyboard */ = {
			isa = PBXVariantGroup;
			children = (
				7573533D23DF4B7500397A2A /* Base */,
			);
			name = LaunchScreen.storyboard;
			sourceTree = "<group>";
		};
/* End PBXVariantGroup section */

/* Begin XCBuildConfiguration section */
		7573534023DF4B7500397A2A /* Debug */ = {
			isa = XCBuildConfiguration;
			buildSettings = {
				ALWAYS_SEARCH_USER_PATHS = NO;
				CLANG_ANALYZER_NONNULL = YES;
				CLANG_ANALYZER_NUMBER_OBJECT_CONVERSION = YES_AGGRESSIVE;
				CLANG_CXX_LANGUAGE_STANDARD = "gnu++14";
				CLANG_CXX_LIBRARY = "libc++";
				CLANG_ENABLE_MODULES = YES;
				CLANG_ENABLE_OBJC_ARC = YES;
				CLANG_ENABLE_OBJC_WEAK = YES;
				CLANG_WARN_BLOCK_CAPTURE_AUTORELEASING = YES;
				CLANG_WARN_BOOL_CONVERSION = YES;
				CLANG_WARN_COMMA = YES;
				CLANG_WARN_CONSTANT_CONVERSION = YES;
				CLANG_WARN_DEPRECATED_OBJC_IMPLEMENTATIONS = YES;
				CLANG_WARN_DIRECT_OBJC_ISA_USAGE = YES_ERROR;
				CLANG_WARN_DOCUMENTATION_COMMENTS = YES;
				CLANG_WARN_EMPTY_BODY = YES;
				CLANG_WARN_ENUM_CONVERSION = YES;
				CLANG_WARN_INFINITE_RECURSION = YES;
				CLANG_WARN_INT_CONVERSION = YES;
				CLANG_WARN_NON_LITERAL_NULL_CONVERSION = YES;
				CLANG_WARN_OBJC_IMPLICIT_RETAIN_SELF = YES;
				CLANG_WARN_OBJC_LITERAL_CONVERSION = YES;
				CLANG_WARN_OBJC_ROOT_CLASS = YES_ERROR;
				CLANG_WARN_RANGE_LOOP_ANALYSIS = YES;
				CLANG_WARN_STRICT_PROTOTYPES = YES;
				CLANG_WARN_SUSPICIOUS_MOVE = YES;
				CLANG_WARN_UNGUARDED_AVAILABILITY = YES_AGGRESSIVE;
				CLANG_WARN_UNREACHABLE_CODE = YES;
				CLANG_WARN__DUPLICATE_METHOD_MATCH = YES;
				COPY_PHASE_STRIP = NO;
				DEBUG_INFORMATION_FORMAT = dwarf;
				ENABLE_STRICT_OBJC_MSGSEND = YES;
				ENABLE_TESTABILITY = YES;
				GCC_C_LANGUAGE_STANDARD = gnu11;
				GCC_DYNAMIC_NO_PIC = NO;
				GCC_NO_COMMON_BLOCKS = YES;
				GCC_OPTIMIZATION_LEVEL = 0;
				GCC_PREPROCESSOR_DEFINITIONS = (
					"DEBUG=1",
					"$(inherited)",
				);
				GCC_WARN_64_TO_32_BIT_CONVERSION = YES;
				GCC_WARN_ABOUT_RETURN_TYPE = YES_ERROR;
				GCC_WARN_UNDECLARED_SELECTOR = YES;
				GCC_WARN_UNINITIALIZED_AUTOS = YES_AGGRESSIVE;
				GCC_WARN_UNUSED_FUNCTION = YES;
				GCC_WARN_UNUSED_VARIABLE = YES;
				IPHONEOS_DEPLOYMENT_TARGET = 13.2;
				MTL_ENABLE_DEBUG_INFO = INCLUDE_SOURCE;
				MTL_FAST_MATH = YES;
				ONLY_ACTIVE_ARCH = YES;
				SDKROOT = iphoneos;
				SWIFT_ACTIVE_COMPILATION_CONDITIONS = DEBUG;
				SWIFT_OPTIMIZATION_LEVEL = "-Onone";
			};
			name = Debug;
		};
		7573534123DF4B7500397A2A /* Release */ = {
			isa = XCBuildConfiguration;
			buildSettings = {
				ALWAYS_SEARCH_USER_PATHS = NO;
				CLANG_ANALYZER_NONNULL = YES;
				CLANG_ANALYZER_NUMBER_OBJECT_CONVERSION = YES_AGGRESSIVE;
				CLANG_CXX_LANGUAGE_STANDARD = "gnu++14";
				CLANG_CXX_LIBRARY = "libc++";
				CLANG_ENABLE_MODULES = YES;
				CLANG_ENABLE_OBJC_ARC = YES;
				CLANG_ENABLE_OBJC_WEAK = YES;
				CLANG_WARN_BLOCK_CAPTURE_AUTORELEASING = YES;
				CLANG_WARN_BOOL_CONVERSION = YES;
				CLANG_WARN_COMMA = YES;
				CLANG_WARN_CONSTANT_CONVERSION = YES;
				CLANG_WARN_DEPRECATED_OBJC_IMPLEMENTATIONS = YES;
				CLANG_WARN_DIRECT_OBJC_ISA_USAGE = YES_ERROR;
				CLANG_WARN_DOCUMENTATION_COMMENTS = YES;
				CLANG_WARN_EMPTY_BODY = YES;
				CLANG_WARN_ENUM_CONVERSION = YES;
				CLANG_WARN_INFINITE_RECURSION = YES;
				CLANG_WARN_INT_CONVERSION = YES;
				CLANG_WARN_NON_LITERAL_NULL_CONVERSION = YES;
				CLANG_WARN_OBJC_IMPLICIT_RETAIN_SELF = YES;
				CLANG_WARN_OBJC_LITERAL_CONVERSION = YES;
				CLANG_WARN_OBJC_ROOT_CLASS = YES_ERROR;
				CLANG_WARN_RANGE_LOOP_ANALYSIS = YES;
				CLANG_WARN_STRICT_PROTOTYPES = YES;
				CLANG_WARN_SUSPICIOUS_MOVE = YES;
				CLANG_WARN_UNGUARDED_AVAILABILITY = YES_AGGRESSIVE;
				CLANG_WARN_UNREACHABLE_CODE = YES;
				CLANG_WARN__DUPLICATE_METHOD_MATCH = YES;
				COPY_PHASE_STRIP = NO;
				DEBUG_INFORMATION_FORMAT = "dwarf-with-dsym";
				ENABLE_NS_ASSERTIONS = NO;
				ENABLE_STRICT_OBJC_MSGSEND = YES;
				GCC_C_LANGUAGE_STANDARD = gnu11;
				GCC_NO_COMMON_BLOCKS = YES;
				GCC_WARN_64_TO_32_BIT_CONVERSION = YES;
				GCC_WARN_ABOUT_RETURN_TYPE = YES_ERROR;
				GCC_WARN_UNDECLARED_SELECTOR = YES;
				GCC_WARN_UNINITIALIZED_AUTOS = YES_AGGRESSIVE;
				GCC_WARN_UNUSED_FUNCTION = YES;
				GCC_WARN_UNUSED_VARIABLE = YES;
				IPHONEOS_DEPLOYMENT_TARGET = 13.2;
				MTL_ENABLE_DEBUG_INFO = NO;
				MTL_FAST_MATH = YES;
				SDKROOT = iphoneos;
				SWIFT_COMPILATION_MODE = wholemodule;
				SWIFT_OPTIMIZATION_LEVEL = "-O";
				VALIDATE_PRODUCT = YES;
			};
			name = Release;
		};
		7573534323DF4B7500397A2A /* Debug */ = {
			isa = XCBuildConfiguration;
			baseConfigurationReference = A05247A23F8908FD0F412A36 /* Pods-SnapKit02.debug.xcconfig */;
			buildSettings = {
				ASSETCATALOG_COMPILER_APPICON_NAME = AppIcon;
				CODE_SIGN_STYLE = Automatic;
				DEVELOPMENT_TEAM = AS994HB957;
				INFOPLIST_FILE = SnapKit02/Info.plist;
				LD_RUNPATH_SEARCH_PATHS = (
					"$(inherited)",
					"@executable_path/Frameworks",
				);
				PRODUCT_BUNDLE_IDENTIFIER = com.catiasouza.SnapKit02;
				PRODUCT_NAME = "$(TARGET_NAME)";
				SWIFT_VERSION = 5.0;
				TARGETED_DEVICE_FAMILY = "1,2";
			};
			name = Debug;
		};
		7573534423DF4B7500397A2A /* Release */ = {
			isa = XCBuildConfiguration;
			baseConfigurationReference = FEA878FB254362CF334B53AC /* Pods-SnapKit02.release.xcconfig */;
			buildSettings = {
				ASSETCATALOG_COMPILER_APPICON_NAME = AppIcon;
				CODE_SIGN_STYLE = Automatic;
				DEVELOPMENT_TEAM = AS994HB957;
				INFOPLIST_FILE = SnapKit02/Info.plist;
				LD_RUNPATH_SEARCH_PATHS = (
					"$(inherited)",
					"@executable_path/Frameworks",
				);
				PRODUCT_BUNDLE_IDENTIFIER = com.catiasouza.SnapKit02;
				PRODUCT_NAME = "$(TARGET_NAME)";
				SWIFT_VERSION = 5.0;
				TARGETED_DEVICE_FAMILY = "1,2";
			};
			name = Release;
		};
/* End XCBuildConfiguration section */

/* Begin XCConfigurationList section */
		7573532923DF4B7300397A2A /* Build configuration list for PBXProject "SnapKit02" */ = {
			isa = XCConfigurationList;
			buildConfigurations = (
				7573534023DF4B7500397A2A /* Debug */,
				7573534123DF4B7500397A2A /* Release */,
			);
			defaultConfigurationIsVisible = 0;
			defaultConfigurationName = Release;
		};
		7573534223DF4B7500397A2A /* Build configuration list for PBXNativeTarget "SnapKit02" */ = {
			isa = XCConfigurationList;
			buildConfigurations = (
				7573534323DF4B7500397A2A /* Debug */,
				7573534423DF4B7500397A2A /* Release */,
			);
			defaultConfigurationIsVisible = 0;
			defaultConfigurationName = Release;
		};
/* End XCConfigurationList section */
	};
	rootObject = 7573532623DF4B7300397A2A /* Project object */;
}
